
Microsoft Visual Studio Solution File, Format Version 12.00
# Visual Studio Version 16
VisualStudioVersion = 16.0.32126.315
MinimumVisualStudioVersion = 10.0.40219.1
Project("{FAE04EC0-301F-11D3-BF4B-00C04F79EFBC}") = "Equipment", "Equipment.csproj", "{EB0EB753-3992-4633-9145-DBD4CDB490AA}"
EndProject
Global
	GlobalSection(SolutionConfigurationPlatforms) = preSolution
		Debug|Any CPU = Debug|Any CPU
		Release|Any CPU = Release|Any CPU
	EndGlobalSection
	GlobalSection(ProjectConfigurationPlatforms) = postSolution
		{EB0EB753-3992-4633-9145-DBD4CDB490AA}.Debug|Any CPU.ActiveCfg = Debug|Any CPU
		{EB0EB753-3992-4633-9145-DBD4CDB490AA}.Debug|Any CPU.Build.0 = Debug|Any CPU
		{EB0EB753-3992-4633-9145-DBD4CDB490AA}.Release|Any CPU.ActiveCfg = Release|Any CPU
		{EB0EB753-3992-4633-9145-DBD4CDB490AA}.Release|Any CPU.Build.0 = Release|Any CPU
	EndGlobalSection
	GlobalSection(SolutionProperties) = preSolution
		HideSolutionNode = FALSE
	EndGlobalSection
	GlobalSection(ExtensibilityGlobals) = postSolution
		SolutionGuid = {8809E9EC-AACA-47C2-9CF6-2F794EEDCF18}
	EndGlobalSection
EndGlobal
